[[package]]
name = "adapter"
version = "0.1.0"

[[package]]
name = "bitflags"
version = "0.7.0"
source = "registry+https://github.com/rust-lang/crates.io-index"

[[package]]
name = "bridge"
version = "0.1.0"

[[package]]
name = "builder"
version = "0.1.0"

[[package]]
name = "chain_of_responsibility"
version = "0.1.0"

[[package]]
name = "command"
version = "0.1.0"

[[package]]
name = "composite"
version = "0.1.0"

[[package]]
name = "decorator"
version = "0.1.0"

[[package]]
name = "design_patterns"
version = "0.1.0"
dependencies = [
 "adapter 0.1.0",
 "bridge 0.1.0",
 "builder 0.1.0",
 "chain_of_responsibility 0.1.0",
 "command 0.1.0",
 "composite 0.1.0",
 "decorator 0.1.0",
 "facade 0.1.0",
 "factory 0.1.0",
 "filter 0.1.0",
 "flyweight 0.1.0",
 "interpreter 0.1.0",
 "iterator 0.1.0",
 "mediator 0.1.0",
 "memento 0.1.0",
 "null_object 0.1.0",
 "observer 0.1.0",
 "prototype 0.1.0",
 "proxy 0.1.0",
 "rand 0.3.17 (registry+https://github.com/rust-lang/crates.io-index)",
 "singleton 0.1.0",
 "state 0.1.0",
 "strategy 0.1.0",
 "template 0.1.0",
 "visitor 0.1.0",
]

[[package]]
name = "facade"
version = "0.1.0"

[[package]]
name = "factory"
version = "0.1.0"
dependencies = [
 "rand 0.3.17 (registry+https://github.com/rust-lang/crates.io-index)",
]

[[package]]
name = "filter"
version = "0.1.0"

[[package]]
name = "flyweight"
version = "0.1.0"

[[package]]
name = "fuchsia-zircon"
version = "0.2.1"
source = "registry+https://github.com/rust-lang/crates.io-index"
dependencies = [
 "fuchsia-zircon-sys 0.2.0 (registry+https://github.com/rust-lang/crates.io-index)",
]

[[package]]
name = "fuchsia-zircon-sys"
version = "0.2.0"
source = "registry+https://github.com/rust-lang/crates.io-index"
dependencies = [
 "bitflags 0.7.0 (registry+https://github.com/rust-lang/crates.io-index)",
]

[[package]]
name = "interpreter"
version = "0.1.0"

[[package]]
name = "iterator"
version = "0.1.0"

[[package]]
name = "libc"
version = "0.2.32"
source = "registry+https://github.com/rust-lang/crates.io-index"

[[package]]
name = "mediator"
version = "0.1.0"

[[package]]
name = "memento"
version = "0.1.0"

[[package]]
name = "null_object"
version = "0.1.0"

[[package]]
name = "observer"
version = "0.1.0"

[[package]]
name = "prototype"
version = "0.1.0"

[[package]]
name = "proxy"
version = "0.1.0"

[[package]]
name = "rand"
version = "0.3.17"
source = "registry+https://github.com/rust-lang/crates.io-index"
dependencies = [
 "fuchsia-zircon 0.2.1 (registry+https://github.com/rust-lang/crates.io-index)",
 "libc 0.2.32 (registry+https://github.com/rust-lang/crates.io-index)",
]

[[package]]
name = "singleton"
version = "0.1.0"

[[package]]
name = "state"
version = "0.1.0"

[[package]]
name = "strategy"
version = "0.1.0"

[[package]]
name = "template"
version = "0.1.0"

[[package]]
name = "visitor"
version = "0.1.0"

[metadata]
"checksum bitflags 0.7.0 (registry+https://github.com/rust-lang/crates.io-index)" = "aad18937a628ec6abcd26d1489012cc0e18c21798210f491af69ded9b881106d"
"checksum fuchsia-zircon 0.2.1 (registry+https://github.com/rust-lang/crates.io-index)" = "f6c0581a4e363262e52b87f59ee2afe3415361c6ec35e665924eb08afe8ff159"
"checksum fuchsia-zircon-sys 0.2.0 (registry+https://github.com/rust-lang/crates.io-index)" = "43f3795b4bae048dc6123a6b972cadde2e676f9ded08aef6bb77f5f157684a82"
"checksum libc 0.2.32 (registry+https://github.com/rust-lang/crates.io-index)" = "56cce3130fd040c28df6f495c8492e5ec5808fb4c9093c310df02b0c8f030148"
"checksum rand 0.3.17 (registry+https://github.com/rust-lang/crates.io-index)" = "61efcbcd9fa8d8fbb07c84e34a8af18a1ff177b449689ad38a6e9457ecc7b2ae"
